// !$*UTF8*$!
{
	archiveVersion = 1;
	classes = {
	};
	objectVersion = 46;
	objects = {

/* Begin PBXBuildFile section */
		FB01EC151E1573E100ED1BA2 /* InputNewLocationViewController.swift in Sources */ = {isa = PBXBuildFile; fileRef = FB01EC141E1573E100ED1BA2 /* InputNewLocationViewController.swift */; };
		FB01EC1F1E157F2700ED1BA2 /* Roboto-Medium.ttf in Resources */ = {isa = PBXBuildFile; fileRef = FB01EC1C1E157F2700ED1BA2 /* Roboto-Medium.ttf */; };
		FB01EC201E157F2700ED1BA2 /* Roboto-Regular.ttf in Resources */ = {isa = PBXBuildFile; fileRef = FB01EC1D1E157F2700ED1BA2 /* Roboto-Regular.ttf */; };
		FB01EC211E157F2700ED1BA2 /* Roboto-Thin.ttf in Resources */ = {isa = PBXBuildFile; fileRef = FB01EC1E1E157F2700ED1BA2 /* Roboto-Thin.ttf */; };
		FB01EC231E15B25B00ED1BA2 /* Font.swift in Sources */ = {isa = PBXBuildFile; fileRef = FB01EC221E15B25B00ED1BA2 /* Font.swift */; };
		FB0614371E0D79280098A0F2 /* ExtensionNotification.swift in Sources */ = {isa = PBXBuildFile; fileRef = FB0614361E0D79280098A0F2 /* ExtensionNotification.swift */; };
		FB0614391E0DA40C0098A0F2 /* LocationAnnotation.swift in Sources */ = {isa = PBXBuildFile; fileRef = FB0614381E0DA40C0098A0F2 /* LocationAnnotation.swift */; };
		FB2929801E058C230049FE43 /* UdacityApi.swift in Sources */ = {isa = PBXBuildFile; fileRef = FB29297F1E058C230049FE43 /* UdacityApi.swift */; };
		FB2929841E0590F50049FE43 /* AuthenticationControllerTests.swift in Sources */ = {isa = PBXBuildFile; fileRef = FB2929831E0590F50049FE43 /* AuthenticationControllerTests.swift */; };
		FB2929861E05992F0049FE43 /* AuthenticationProtocol.swift in Sources */ = {isa = PBXBuildFile; fileRef = FB2929851E05992F0049FE43 /* AuthenticationProtocol.swift */; };
		FB2929881E05B1070049FE43 /* UdacityAPIControllerTests.swift in Sources */ = {isa = PBXBuildFile; fileRef = FB2929871E05B1070049FE43 /* UdacityAPIControllerTests.swift */; };
		FB29298A1E05B2F90049FE43 /* NetworkControllerTests.swift in Sources */ = {isa = PBXBuildFile; fileRef = FB2929891E05B2F90049FE43 /* NetworkControllerTests.swift */; };
		FB29298C1E05C8D30049FE43 /* Credentials.swift in Sources */ = {isa = PBXBuildFile; fileRef = FB29298B1E05C8D30049FE43 /* Credentials.swift */; };
		FB2A84DF1E21F604009E0616 /* StudentInformation.swift in Sources */ = {isa = PBXBuildFile; fileRef = FB2A84DE1E21F604009E0616 /* StudentInformation.swift */; };
		FB3496DA1E06CC0C009F7AE5 /* MainNavigationOntheMap.storyboard in Resources */ = {isa = PBXBuildFile; fileRef = FB3496D91E06CC0C009F7AE5 /* MainNavigationOntheMap.storyboard */; };
		FB3496DC1E06CFA8009F7AE5 /* GCDBlackBox.swift in Sources */ = {isa = PBXBuildFile; fileRef = FB3496DB1E06CFA8009F7AE5 /* GCDBlackBox.swift */; };
		FB3496DE1E06E43A009F7AE5 /* TabBarViewController.swift in Sources */ = {isa = PBXBuildFile; fileRef = FB3496DD1E06E43A009F7AE5 /* TabBarViewController.swift */; };
		FB3496E01E06E557009F7AE5 /* ExtensionViewController.swift in Sources */ = {isa = PBXBuildFile; fileRef = FB3496DF1E06E557009F7AE5 /* ExtensionViewController.swift */; };
		FB3F5F9A1E07220A001FADE3 /* Location.swift in Sources */ = {isa = PBXBuildFile; fileRef = FB3F5F991E07220A001FADE3 /* Location.swift */; };
		FB3F5F9C1E07236B001FADE3 /* LocationsProtocol.swift in Sources */ = {isa = PBXBuildFile; fileRef = FB3F5F9B1E07236B001FADE3 /* LocationsProtocol.swift */; };
		FB3F5F9E1E072444001FADE3 /* ParseApi.swift in Sources */ = {isa = PBXBuildFile; fileRef = FB3F5F9D1E072444001FADE3 /* ParseApi.swift */; };
		FB3F5FA01E072533001FADE3 /* StudentLocation.swift in Sources */ = {isa = PBXBuildFile; fileRef = FB3F5F9F1E072533001FADE3 /* StudentLocation.swift */; };
		FB3F5FA21E0725A0001FADE3 /* User.swift in Sources */ = {isa = PBXBuildFile; fileRef = FB3F5FA11E0725A0001FADE3 /* User.swift */; };
		FB3F5FA41E0725B3001FADE3 /* Pin.swift in Sources */ = {isa = PBXBuildFile; fileRef = FB3F5FA31E0725B3001FADE3 /* Pin.swift */; };
		FB3F5FA71E0725FE001FADE3 /* Address.swift in Sources */ = {isa = PBXBuildFile; fileRef = FB3F5FA61E0725FE001FADE3 /* Address.swift */; };
		FB3F5FA91E072C7D001FADE3 /* ConstantsLocation.swift in Sources */ = {isa = PBXBuildFile; fileRef = FB3F5FA81E072C7D001FADE3 /* ConstantsLocation.swift */; };
		FB3F5FAB1E072DE5001FADE3 /* Api.swift in Sources */ = {isa = PBXBuildFile; fileRef = FB3F5FAA1E072DE5001FADE3 /* Api.swift */; };
		FB3F5FAD1E086299001FADE3 /* LocationsControllerTests.swift in Sources */ = {isa = PBXBuildFile; fileRef = FB3F5FAC1E086299001FADE3 /* LocationsControllerTests.swift */; };
		FB3F5FAF1E086CE9001FADE3 /* ParseAPIControllerTests.swift in Sources */ = {isa = PBXBuildFile; fileRef = FB3F5FAE1E086CE9001FADE3 /* ParseAPIControllerTests.swift */; };
		FB5381CD1E023C5E006027A2 /* TextFieldDelegateOnTheMap.swift in Sources */ = {isa = PBXBuildFile; fileRef = FB5381CC1E023C5E006027A2 /* TextFieldDelegateOnTheMap.swift */; };
		FB5381D01E024134006027A2 /* UIResponderExtension.swift in Sources */ = {isa = PBXBuildFile; fileRef = FB5381CF1E024134006027A2 /* UIResponderExtension.swift */; };
		FB5381D41E034BB0006027A2 /* Network.swift in Sources */ = {isa = PBXBuildFile; fileRef = FB5381D31E034BB0006027A2 /* Network.swift */; };
		FB5381D61E034D17006027A2 /* ConfigurationNetwork.swift in Sources */ = {isa = PBXBuildFile; fileRef = FB5381D51E034D17006027A2 /* ConfigurationNetwork.swift */; };
		FB5381DB1E034EC6006027A2 /* Authentication.swift in Sources */ = {isa = PBXBuildFile; fileRef = FB5381DA1E034EC6006027A2 /* Authentication.swift */; };
		FB656FC21E227D31009A9CF9 /* AuthenticationAPI.swift in Sources */ = {isa = PBXBuildFile; fileRef = FB656FC11E227D31009A9CF9 /* AuthenticationAPI.swift */; };
		FB656FC41E22824D009A9CF9 /* Reachability.swift in Sources */ = {isa = PBXBuildFile; fileRef = FB656FC31E22824D009A9CF9 /* Reachability.swift */; };
		FB815AB11E01D93900E4DC63 /* TextFieldLogin.swift in Sources */ = {isa = PBXBuildFile; fileRef = FB815AB01E01D93900E4DC63 /* TextFieldLogin.swift */; };
		FB815AB41E01DDB500E4DC63 /* Color.swift in Sources */ = {isa = PBXBuildFile; fileRef = FB815AB31E01DDB500E4DC63 /* Color.swift */; };
		FB815AB61E01E09900E4DC63 /* LoginViewController.swift in Sources */ = {isa = PBXBuildFile; fileRef = FB815AB51E01E09900E4DC63 /* LoginViewController.swift */; };
		FBC307901E184CED0053C758 /* TableStudentLocationViewController.swift in Sources */ = {isa = PBXBuildFile; fileRef = FBC3078F1E184CED0053C758 /* TableStudentLocationViewController.swift */; };
		FBC9F31F1DFDAD9000831A94 /* AppDelegate.swift in Sources */ = {isa = PBXBuildFile; fileRef = FBC9F31E1DFDAD9000831A94 /* AppDelegate.swift */; };
		FBC9F3241DFDAD9000831A94 /* Main.storyboard in Resources */ = {isa = PBXBuildFile; fileRef = FBC9F3221DFDAD9000831A94 /* Main.storyboard */; };
		FBC9F3261DFDAD9000831A94 /* Assets.xcassets in Resources */ = {isa = PBXBuildFile; fileRef = FBC9F3251DFDAD9000831A94 /* Assets.xcassets */; };
		FBC9F3291DFDAD9000831A94 /* LaunchScreen.storyboard in Resources */ = {isa = PBXBuildFile; fileRef = FBC9F3271DFDAD9000831A94 /* LaunchScreen.storyboard */; };
		FBC9F3531DFDAE9A00831A94 /* Roboto-Medium.otf in Resources */ = {isa = PBXBuildFile; fileRef = FBC9F3501DFDAE9A00831A94 /* Roboto-Medium.otf */; };
		FBC9F3541DFDAE9A00831A94 /* Roboto-Regular.otf in Resources */ = {isa = PBXBuildFile; fileRef = FBC9F3511DFDAE9A00831A94 /* Roboto-Regular.otf */; };
		FBC9F3551DFDAE9A00831A94 /* Roboto-Thin.otf in Resources */ = {isa = PBXBuildFile; fileRef = FBC9F3521DFDAE9A00831A94 /* Roboto-Thin.otf */; };
		FBCE26821E097C5700A90877 /* MapViewController.swift in Sources */ = {isa = PBXBuildFile; fileRef = FBCE26811E097C5700A90877 /* MapViewController.swift */; };
		FBCE26841E097E3B00A90877 /* MapKitViewDelegateOntheMap.swift in Sources */ = {isa = PBXBuildFile; fileRef = FBCE26831E097E3B00A90877 /* MapKitViewDelegateOntheMap.swift */; };
		FBED128B1E0B753900EBCAD7 /* MapKit.framework in Frameworks */ = {isa = PBXBuildFile; fileRef = FBED128A1E0B753900EBCAD7 /* MapKit.framework */; };
		FBED128D1E0C0A6700EBCAD7 /* CLLocationManagerDelegateOnTheMap.swift in Sources */ = {isa = PBXBuildFile; fileRef = FBED128C1E0C0A6700EBCAD7 /* CLLocationManagerDelegateOnTheMap.swift */; };
		FBED128F1E0C1E3400EBCAD7 /* LocationManagerOnTheMap.swift in Sources */ = {isa = PBXBuildFile; fileRef = FBED128E1E0C1E3400EBCAD7 /* LocationManagerOnTheMap.swift */; };
/* End PBXBuildFile section */

/* Begin PBXContainerItemProxy section */
		FBC9F3301DFDAD9000831A94 /* PBXContainerItemProxy */ = {
			isa = PBXContainerItemProxy;
			containerPortal = FBC9F3131DFDAD8F00831A94 /* Project object */;
			proxyType = 1;
			remoteGlobalIDString = FBC9F31A1DFDAD9000831A94;
			remoteInfo = OntheMap_DanielTorres;
		};
		FBC9F33B1DFDAD9000831A94 /* PBXContainerItemProxy */ = {
			isa = PBXContainerItemProxy;
			containerPortal = FBC9F3131DFDAD8F00831A94 /* Project object */;
			proxyType = 1;
			remoteGlobalIDString = FBC9F31A1DFDAD9000831A94;
			remoteInfo = OntheMap_DanielTorres;
		};
/* End PBXContainerItemProxy section */

/* Begin PBXFileReference section */
		FB01EC141E1573E100ED1BA2 /* InputNewLocationViewController.swift */ = {isa = PBXFileReference; fileEncoding = 4; lastKnownFileType = sourcecode.swift; path = InputNewLocationViewController.swift; sourceTree = "<group>"; };
		FB01EC1C1E157F2700ED1BA2 /* Roboto-Medium.ttf */ = {isa = PBXFileReference; lastKnownFileType = file; path = "Roboto-Medium.ttf"; sourceTree = "<group>"; };
		FB01EC1D1E157F2700ED1BA2 /* Roboto-Regular.ttf */ = {isa = PBXFileReference; lastKnownFileType = file; path = "Roboto-Regular.ttf"; sourceTree = "<group>"; };
		FB01EC1E1E157F2700ED1BA2 /* Roboto-Thin.ttf */ = {isa = PBXFileReference; lastKnownFileType = file; path = "Roboto-Thin.ttf"; sourceTree = "<group>"; };
		FB01EC221E15B25B00ED1BA2 /* Font.swift */ = {isa = PBXFileReference; fileEncoding = 4; lastKnownFileType = sourcecode.swift; path = Font.swift; sourceTree = "<group>"; };
		FB0614361E0D79280098A0F2 /* ExtensionNotification.swift */ = {isa = PBXFileReference; fileEncoding = 4; lastKnownFileType = sourcecode.swift; path = ExtensionNotification.swift; sourceTree = "<group>"; };
		FB0614381E0DA40C0098A0F2 /* LocationAnnotation.swift */ = {isa = PBXFileReference; fileEncoding = 4; lastKnownFileType = sourcecode.swift; path = LocationAnnotation.swift; sourceTree = "<group>"; };
		FB29297F1E058C230049FE43 /* UdacityApi.swift */ = {isa = PBXFileReference; fileEncoding = 4; lastKnownFileType = sourcecode.swift; path = UdacityApi.swift; sourceTree = "<group>"; };
		FB2929831E0590F50049FE43 /* AuthenticationControllerTests.swift */ = {isa = PBXFileReference; fileEncoding = 4; lastKnownFileType = sourcecode.swift; name = AuthenticationControllerTests.swift; path = ../AuthenticationControllerTests.swift; sourceTree = "<group>"; };
		FB2929851E05992F0049FE43 /* AuthenticationProtocol.swift */ = {isa = PBXFileReference; fileEncoding = 4; lastKnownFileType = sourcecode.swift; path = AuthenticationProtocol.swift; sourceTree = "<group>"; };
		FB2929871E05B1070049FE43 /* UdacityAPIControllerTests.swift */ = {isa = PBXFileReference; fileEncoding = 4; lastKnownFileType = sourcecode.swift; path = UdacityAPIControllerTests.swift; sourceTree = "<group>"; };
		FB2929891E05B2F90049FE43 /* NetworkControllerTests.swift */ = {isa = PBXFileReference; fileEncoding = 4; lastKnownFileType = sourcecode.swift; path = NetworkControllerTests.swift; sourceTree = "<group>"; };
		FB29298B1E05C8D30049FE43 /* Credentials.swift */ = {isa = PBXFileReference; fileEncoding = 4; lastKnownFileType = sourcecode.swift; path = Credentials.swift; sourceTree = "<group>"; };
		FB2A84DE1E21F604009E0616 /* StudentInformation.swift */ = {isa = PBXFileReference; fileEncoding = 4; lastKnownFileType = sourcecode.swift; path = StudentInformation.swift; sourceTree = "<group>"; };
		FB2A84E01E2202D8009E0616 /* Reachability.framework */ = {isa = PBXFileReference; lastKnownFileType = wrapper.framework; name = Reachability.framework; path = Carthage/Build/iOS/Reachability.framework; sourceTree = "<group>"; };
		FB3496D91E06CC0C009F7AE5 /* MainNavigationOntheMap.storyboard */ = {isa = PBXFileReference; fileEncoding = 4; lastKnownFileType = file.storyboard; path = MainNavigationOntheMap.storyboard; sourceTree = "<group>"; };
		FB3496DB1E06CFA8009F7AE5 /* GCDBlackBox.swift */ = {isa = PBXFileReference; fileEncoding = 4; lastKnownFileType = sourcecode.swift; name = GCDBlackBox.swift; path = ../GCDBlackBox.swift; sourceTree = "<group>"; };
		FB3496DD1E06E43A009F7AE5 /* TabBarViewController.swift */ = {isa = PBXFileReference; fileEncoding = 4; lastKnownFileType = sourcecode.swift; path = TabBarViewController.swift; sourceTree = "<group>"; };
		FB3496DF1E06E557009F7AE5 /* ExtensionViewController.swift */ = {isa = PBXFileReference; fileEncoding = 4; lastKnownFileType = sourcecode.swift; path = ExtensionViewController.swift; sourceTree = "<group>"; };
		FB3F5F991E07220A001FADE3 /* Location.swift */ = {isa = PBXFileReference; fileEncoding = 4; lastKnownFileType = sourcecode.swift; path = Location.swift; sourceTree = "<group>"; };
		FB3F5F9B1E07236B001FADE3 /* LocationsProtocol.swift */ = {isa = PBXFileReference; fileEncoding = 4; lastKnownFileType = sourcecode.swift; path = LocationsProtocol.swift; sourceTree = "<group>"; };
		FB3F5F9D1E072444001FADE3 /* ParseApi.swift */ = {isa = PBXFileReference; fileEncoding = 4; lastKnownFileType = sourcecode.swift; path = ParseApi.swift; sourceTree = "<group>"; };
		FB3F5F9F1E072533001FADE3 /* StudentLocation.swift */ = {isa = PBXFileReference; fileEncoding = 4; lastKnownFileType = sourcecode.swift; path = StudentLocation.swift; sourceTree = "<group>"; };
		FB3F5FA11E0725A0001FADE3 /* User.swift */ = {isa = PBXFileReference; fileEncoding = 4; lastKnownFileType = sourcecode.swift; path = User.swift; sourceTree = "<group>"; };
		FB3F5FA31E0725B3001FADE3 /* Pin.swift */ = {isa = PBXFileReference; fileEncoding = 4; lastKnownFileType = sourcecode.swift; path = Pin.swift; sourceTree = "<group>"; };
		FB3F5FA61E0725FE001FADE3 /* Address.swift */ = {isa = PBXFileReference; fileEncoding = 4; lastKnownFileType = sourcecode.swift; path = Address.swift; sourceTree = "<group>"; };
		FB3F5FA81E072C7D001FADE3 /* ConstantsLocation.swift */ = {isa = PBXFileReference; fileEncoding = 4; lastKnownFileType = sourcecode.swift; path = ConstantsLocation.swift; sourceTree = "<group>"; };
		FB3F5FAA1E072DE5001FADE3 /* Api.swift */ = {isa = PBXFileReference; fileEncoding = 4; lastKnownFileType = sourcecode.swift; path = Api.swift; sourceTree = "<group>"; };
		FB3F5FAC1E086299001FADE3 /* LocationsControllerTests.swift */ = {isa = PBXFileReference; fileEncoding = 4; lastKnownFileType = sourcecode.swift; path = LocationsControllerTests.swift; sourceTree = "<group>"; };
		FB3F5FAE1E086CE9001FADE3 /* ParseAPIControllerTests.swift */ = {isa = PBXFileReference; fileEncoding = 4; lastKnownFileType = sourcecode.swift; path = ParseAPIControllerTests.swift; sourceTree = "<group>"; };
		FB5381CC1E023C5E006027A2 /* TextFieldDelegateOnTheMap.swift */ = {isa = PBXFileReference; fileEncoding = 4; lastKnownFileType = sourcecode.swift; path = TextFieldDelegateOnTheMap.swift; sourceTree = "<group>"; };
		FB5381CF1E024134006027A2 /* UIResponderExtension.swift */ = {isa = PBXFileReference; fileEncoding = 4; lastKnownFileType = sourcecode.swift; path = UIResponderExtension.swift; sourceTree = "<group>"; };
		FB5381D31E034BB0006027A2 /* Network.swift */ = {isa = PBXFileReference; fileEncoding = 4; lastKnownFileType = sourcecode.swift; path = Network.swift; sourceTree = "<group>"; };
		FB5381D51E034D17006027A2 /* ConfigurationNetwork.swift */ = {isa = PBXFileReference; fileEncoding = 4; lastKnownFileType = sourcecode.swift; path = ConfigurationNetwork.swift; sourceTree = "<group>"; };
		FB5381DA1E034EC6006027A2 /* Authentication.swift */ = {isa = PBXFileReference; fileEncoding = 4; lastKnownFileType = sourcecode.swift; path = Authentication.swift; sourceTree = "<group>"; };
		FB656FC11E227D31009A9CF9 /* AuthenticationAPI.swift */ = {isa = PBXFileReference; fileEncoding = 4; lastKnownFileType = sourcecode.swift; path = AuthenticationAPI.swift; sourceTree = "<group>"; };
		FB656FC31E22824D009A9CF9 /* Reachability.swift */ = {isa = PBXFileReference; fileEncoding = 4; lastKnownFileType = sourcecode.swift; path = Reachability.swift; sourceTree = "<group>"; };
		FB815AB01E01D93900E4DC63 /* TextFieldLogin.swift */ = {isa = PBXFileReference; fileEncoding = 4; lastKnownFileType = sourcecode.swift; path = TextFieldLogin.swift; sourceTree = "<group>"; };
		FB815AB31E01DDB500E4DC63 /* Color.swift */ = {isa = PBXFileReference; fileEncoding = 4; lastKnownFileType = sourcecode.swift; path = Color.swift; sourceTree = "<group>"; };
		FB815AB51E01E09900E4DC63 /* LoginViewController.swift */ = {isa = PBXFileReference; fileEncoding = 4; lastKnownFileType = sourcecode.swift; path = LoginViewController.swift; sourceTree = "<group>"; };
		FBC3078F1E184CED0053C758 /* TableStudentLocationViewController.swift */ = {isa = PBXFileReference; fileEncoding = 4; lastKnownFileType = sourcecode.swift; path = TableStudentLocationViewController.swift; sourceTree = "<group>"; };
		FBC9F31B1DFDAD9000831A94 /* OntheMap_DanielTorres.app */ = {isa = PBXFileReference; explicitFileType = wrapper.application; includeInIndex = 0; path = OntheMap_DanielTorres.app; sourceTree = BUILT_PRODUCTS_DIR; };
		FBC9F31E1DFDAD9000831A94 /* AppDelegate.swift */ = {isa = PBXFileReference; lastKnownFileType = sourcecode.swift; path = AppDelegate.swift; sourceTree = "<group>"; };
		FBC9F3231DFDAD9000831A94 /* Base */ = {isa = PBXFileReference; lastKnownFileType = file.storyboard; name = Base; path = Base.lproj/Main.storyboard; sourceTree = "<group>"; };
		FBC9F3251DFDAD9000831A94 /* Assets.xcassets */ = {isa = PBXFileReference; lastKnownFileType = folder.assetcatalog; path = Assets.xcassets; sourceTree = "<group>"; };
		FBC9F3281DFDAD9000831A94 /* Base */ = {isa = PBXFileReference; lastKnownFileType = file.storyboard; name = Base; path = Base.lproj/LaunchScreen.storyboard; sourceTree = "<group>"; };
		FBC9F32A1DFDAD9000831A94 /* Info.plist */ = {isa = PBXFileReference; lastKnownFileType = text.plist.xml; path = Info.plist; sourceTree = "<group>"; };
		FBC9F32F1DFDAD9000831A94 /* OntheMap_DanielTorresTests.xctest */ = {isa = PBXFileReference; explicitFileType = wrapper.cfbundle; includeInIndex = 0; path = OntheMap_DanielTorresTests.xctest; sourceTree = BUILT_PRODUCTS_DIR; };
		FBC9F3351DFDAD9000831A94 /* Info.plist */ = {isa = PBXFileReference; lastKnownFileType = text.plist.xml; path = Info.plist; sourceTree = "<group>"; };
		FBC9F33A1DFDAD9000831A94 /* OntheMap_DanielTorresUITests.xctest */ = {isa = PBXFileReference; explicitFileType = wrapper.cfbundle; includeInIndex = 0; path = OntheMap_DanielTorresUITests.xctest; sourceTree = BUILT_PRODUCTS_DIR; };
		FBC9F3501DFDAE9A00831A94 /* Roboto-Medium.otf */ = {isa = PBXFileReference; lastKnownFileType = file; path = "Roboto-Medium.otf"; sourceTree = "<group>"; };
		FBC9F3511DFDAE9A00831A94 /* Roboto-Regular.otf */ = {isa = PBXFileReference; lastKnownFileType = file; path = "Roboto-Regular.otf"; sourceTree = "<group>"; };
		FBC9F3521DFDAE9A00831A94 /* Roboto-Thin.otf */ = {isa = PBXFileReference; lastKnownFileType = file; path = "Roboto-Thin.otf"; sourceTree = "<group>"; };
		FBCE26811E097C5700A90877 /* MapViewController.swift */ = {isa = PBXFileReference; fileEncoding = 4; lastKnownFileType = sourcecode.swift; path = MapViewController.swift; sourceTree = "<group>"; };
		FBCE26831E097E3B00A90877 /* MapKitViewDelegateOntheMap.swift */ = {isa = PBXFileReference; fileEncoding = 4; lastKnownFileType = sourcecode.swift; path = MapKitViewDelegateOntheMap.swift; sourceTree = "<group>"; };
		FBED128A1E0B753900EBCAD7 /* MapKit.framework */ = {isa = PBXFileReference; lastKnownFileType = wrapper.framework; name = MapKit.framework; path = System/Library/Frameworks/MapKit.framework; sourceTree = SDKROOT; };
		FBED128C1E0C0A6700EBCAD7 /* CLLocationManagerDelegateOnTheMap.swift */ = {isa = PBXFileReference; fileEncoding = 4; lastKnownFileType = sourcecode.swift; path = CLLocationManagerDelegateOnTheMap.swift; sourceTree = "<group>"; };
		FBED128E1E0C1E3400EBCAD7 /* LocationManagerOnTheMap.swift */ = {isa = PBXFileReference; fileEncoding = 4; lastKnownFileType = sourcecode.swift; path = LocationManagerOnTheMap.swift; sourceTree = "<group>"; };
/* End PBXFileReference section */

/* Begin PBXFrameworksBuildPhase section */
		FBC9F3181DFDAD9000831A94 /* Frameworks */ = {
			isa = PBXFrameworksBuildPhase;
			buildActionMask = 2147483647;
			files = (
				FBED128B1E0B753900EBCAD7 /* MapKit.framework in Frameworks */,
			);
			runOnlyForDeploymentPostprocessing = 0;
		};
		FBC9F32C1DFDAD9000831A94 /* Frameworks */ = {
			isa = PBXFrameworksBuildPhase;
			buildActionMask = 2147483647;
			files = (
			);
			runOnlyForDeploymentPostprocessing = 0;
		};
		FBC9F3371DFDAD9000831A94 /* Frameworks */ = {
			isa = PBXFrameworksBuildPhase;
			buildActionMask = 2147483647;
			files = (
			);
			runOnlyForDeploymentPostprocessing = 0;
		};
/* End PBXFrameworksBuildPhase section */

/* Begin PBXGroup section */
		FB815AAF1E01B8EC00E4DC63 /* Model View */ = {
			isa = PBXGroup;
			children = (
				FB3496DB1E06CFA8009F7AE5 /* GCDBlackBox.swift */,
				FB5381CC1E023C5E006027A2 /* TextFieldDelegateOnTheMap.swift */,
				FBCE26831E097E3B00A90877 /* MapKitViewDelegateOntheMap.swift */,
				FBED128C1E0C0A6700EBCAD7 /* CLLocationManagerDelegateOnTheMap.swift */,
				FB656FC11E227D31009A9CF9 /* AuthenticationAPI.swift */,
				FB2929851E05992F0049FE43 /* AuthenticationProtocol.swift */,
				FB3F5F9B1E07236B001FADE3 /* LocationsProtocol.swift */,
				FB3F5F991E07220A001FADE3 /* Location.swift */,
				FB3F5FAA1E072DE5001FADE3 /* Api.swift */,
				FB29297F1E058C230049FE43 /* UdacityApi.swift */,
				FB3F5F9D1E072444001FADE3 /* ParseApi.swift */,
				FB5381D31E034BB0006027A2 /* Network.swift */,
				FB0614361E0D79280098A0F2 /* ExtensionNotification.swift */,
				FB656FC31E22824D009A9CF9 /* Reachability.swift */,
			);
			name = "Model View";
			sourceTree = "<group>";
		};
		FBC9F3121DFDAD8F00831A94 = {
			isa = PBXGroup;
			children = (
				FBC9F31D1DFDAD9000831A94 /* OntheMap_DanielTorres */,
				FBC9F3321DFDAD9000831A94 /* OntheMap_DanielTorresTests */,
				FBC9F31C1DFDAD9000831A94 /* Products */,
				FBED12891E0B753900EBCAD7 /* Frameworks */,
			);
			sourceTree = "<group>";
		};
		FBC9F31C1DFDAD9000831A94 /* Products */ = {
			isa = PBXGroup;
			children = (
				FBC9F31B1DFDAD9000831A94 /* OntheMap_DanielTorres.app */,
				FBC9F32F1DFDAD9000831A94 /* OntheMap_DanielTorresTests.xctest */,
				FBC9F33A1DFDAD9000831A94 /* OntheMap_DanielTorresUITests.xctest */,
			);
			name = Products;
			sourceTree = "<group>";
		};
		FBC9F31D1DFDAD9000831A94 /* OntheMap_DanielTorres */ = {
			isa = PBXGroup;
			children = (
				FBC9F34E1DFDADA700831A94 /* View Controller */,
				FB815AAF1E01B8EC00E4DC63 /* Model View */,
				FBC9F34D1DFDADA100831A94 /* View */,
				FBC9F34C1DFDAD9C00831A94 /* Model */,
				FBC9F31E1DFDAD9000831A94 /* AppDelegate.swift */,
				FBC9F3221DFDAD9000831A94 /* Main.storyboard */,
				FB3496D91E06CC0C009F7AE5 /* MainNavigationOntheMap.storyboard */,
				FBC9F3271DFDAD9000831A94 /* LaunchScreen.storyboard */,
				FBC9F34F1DFDAE6C00831A94 /* Resources */,
				FBC9F3561DFDAFB600831A94 /* Supporting files */,
			);
			path = OntheMap_DanielTorres;
			sourceTree = "<group>";
		};
		FBC9F3321DFDAD9000831A94 /* OntheMap_DanielTorresTests */ = {
			isa = PBXGroup;
			children = (
				FB2929831E0590F50049FE43 /* AuthenticationControllerTests.swift */,
				FB2929871E05B1070049FE43 /* UdacityAPIControllerTests.swift */,
				FB2929891E05B2F90049FE43 /* NetworkControllerTests.swift */,
				FB3F5FAC1E086299001FADE3 /* LocationsControllerTests.swift */,
				FB3F5FAE1E086CE9001FADE3 /* ParseAPIControllerTests.swift */,
				FBC9F3351DFDAD9000831A94 /* Info.plist */,
				FB29298B1E05C8D30049FE43 /* Credentials.swift */,
			);
			path = OntheMap_DanielTorresTests;
			sourceTree = "<group>";
		};
		FBC9F34C1DFDAD9C00831A94 /* Model */ = {
			isa = PBXGroup;
			children = (
				FBED128E1E0C1E3400EBCAD7 /* LocationManagerOnTheMap.swift */,
				FB0614381E0DA40C0098A0F2 /* LocationAnnotation.swift */,
				FB5381D51E034D17006027A2 /* ConfigurationNetwork.swift */,
				FB5381DA1E034EC6006027A2 /* Authentication.swift */,
				FB3F5FA81E072C7D001FADE3 /* ConstantsLocation.swift */,
				FB3F5F9F1E072533001FADE3 /* StudentLocation.swift */,
				FB3F5FA31E0725B3001FADE3 /* Pin.swift */,
				FB3F5FA11E0725A0001FADE3 /* User.swift */,
				FB3F5FA61E0725FE001FADE3 /* Address.swift */,
				FB2A84DE1E21F604009E0616 /* StudentInformation.swift */,
			);
			name = Model;
			sourceTree = "<group>";
		};
		FBC9F34D1DFDADA100831A94 /* View */ = {
			isa = PBXGroup;
			children = (
				FB815AB31E01DDB500E4DC63 /* Color.swift */,
				FB5381CF1E024134006027A2 /* UIResponderExtension.swift */,
				FB815AB01E01D93900E4DC63 /* TextFieldLogin.swift */,
				FB01EC221E15B25B00ED1BA2 /* Font.swift */,
			);
			name = View;
			sourceTree = "<group>";
		};
		FBC9F34E1DFDADA700831A94 /* View Controller */ = {
			isa = PBXGroup;
			children = (
				FB3496DF1E06E557009F7AE5 /* ExtensionViewController.swift */,
				FB815AB51E01E09900E4DC63 /* LoginViewController.swift */,
				FB3496DD1E06E43A009F7AE5 /* TabBarViewController.swift */,
				FBCE26811E097C5700A90877 /* MapViewController.swift */,
				FB01EC141E1573E100ED1BA2 /* InputNewLocationViewController.swift */,
				FBC3078F1E184CED0053C758 /* TableStudentLocationViewController.swift */,
			);
			name = "View Controller";
			sourceTree = "<group>";
		};
		FBC9F34F1DFDAE6C00831A94 /* Resources */ = {
			isa = PBXGroup;
			children = (
				FB01EC1C1E157F2700ED1BA2 /* Roboto-Medium.ttf */,
				FB01EC1D1E157F2700ED1BA2 /* Roboto-Regular.ttf */,
				FB01EC1E1E157F2700ED1BA2 /* Roboto-Thin.ttf */,
				FBC9F3501DFDAE9A00831A94 /* Roboto-Medium.otf */,
				FBC9F3511DFDAE9A00831A94 /* Roboto-Regular.otf */,
				FBC9F3521DFDAE9A00831A94 /* Roboto-Thin.otf */,
				FBC9F3251DFDAD9000831A94 /* Assets.xcassets */,
			);
			name = Resources;
			sourceTree = "<group>";
		};
		FBC9F3561DFDAFB600831A94 /* Supporting files */ = {
			isa = PBXGroup;
			children = (
				FBC9F32A1DFDAD9000831A94 /* Info.plist */,
			);
			name = "Supporting files";
			sourceTree = "<group>";
		};
		FBED12891E0B753900EBCAD7 /* Frameworks */ = {
			isa = PBXGroup;
			children = (
				FB2A84E01E2202D8009E0616 /* Reachability.framework */,
				FBED128A1E0B753900EBCAD7 /* MapKit.framework */,
			);
			name = Frameworks;
			sourceTree = "<group>";
		};
/* End PBXGroup section */

/* Begin PBXNativeTarget section */
		FBC9F31A1DFDAD9000831A94 /* OntheMap_DanielTorres */ = {
			isa = PBXNativeTarget;
			buildConfigurationList = FBC9F3431DFDAD9000831A94 /* Build configuration list for PBXNativeTarget "OntheMap_DanielTorres" */;
			buildPhases = (
				FBC9F3171DFDAD9000831A94 /* Sources */,
				FBC9F3181DFDAD9000831A94 /* Frameworks */,
				FBC9F3191DFDAD9000831A94 /* Resources */,
			);
			buildRules = (
			);
			dependencies = (
			);
			name = OntheMap_DanielTorres;
			productName = OntheMap_DanielTorres;
			productReference = FBC9F31B1DFDAD9000831A94 /* OntheMap_DanielTorres.app */;
			productType = "com.apple.product-type.application";
		};
		FBC9F32E1DFDAD9000831A94 /* OntheMap_DanielTorresTests */ = {
			isa = PBXNativeTarget;
			buildConfigurationList = FBC9F3461DFDAD9000831A94 /* Build configuration list for PBXNativeTarget "OntheMap_DanielTorresTests" */;
			buildPhases = (
				FBC9F32B1DFDAD9000831A94 /* Sources */,
				FBC9F32C1DFDAD9000831A94 /* Frameworks */,
				FBC9F32D1DFDAD9000831A94 /* Resources */,
			);
			buildRules = (
			);
			dependencies = (
				FBC9F3311DFDAD9000831A94 /* PBXTargetDependency */,
			);
			name = OntheMap_DanielTorresTests;
			productName = OntheMap_DanielTorresTests;
			productReference = FBC9F32F1DFDAD9000831A94 /* OntheMap_DanielTorresTests.xctest */;
			productType = "com.apple.product-type.bundle.unit-test";
		};
		FBC9F3391DFDAD9000831A94 /* OntheMap_DanielTorresUITests */ = {
			isa = PBXNativeTarget;
			buildConfigurationList = FBC9F3491DFDAD9000831A94 /* Build configuration list for PBXNativeTarget "OntheMap_DanielTorresUITests" */;
			buildPhases = (
				FBC9F3361DFDAD9000831A94 /* Sources */,
				FBC9F3371DFDAD9000831A94 /* Frameworks */,
				FBC9F3381DFDAD9000831A94 /* Resources */,
			);
			buildRules = (
			);
			dependencies = (
				FBC9F33C1DFDAD9000831A94 /* PBXTargetDependency */,
			);
			name = OntheMap_DanielTorresUITests;
			productName = OntheMap_DanielTorresUITests;
			productReference = FBC9F33A1DFDAD9000831A94 /* OntheMap_DanielTorresUITests.xctest */;
			productType = "com.apple.product-type.bundle.ui-testing";
		};
/* End PBXNativeTarget section */

/* Begin PBXProject section */
		FBC9F3131DFDAD8F00831A94 /* Project object */ = {
			isa = PBXProject;
			attributes = {
				LastSwiftUpdateCheck = 0810;
				LastUpgradeCheck = 0820;
				ORGANIZATIONNAME = "Daniel Torres";
				TargetAttributes = {
					FBC9F31A1DFDAD9000831A94 = {
						CreatedOnToolsVersion = 8.1;
						DevelopmentTeam = AEWQUX8MPM;
						ProvisioningStyle = Automatic;
						SystemCapabilities = {
							com.apple.Maps.iOS = {
								enabled = 1;
							};
						};
					};
					FBC9F32E1DFDAD9000831A94 = {
						CreatedOnToolsVersion = 8.1;
						DevelopmentTeam = U93GAZC8VN;
						ProvisioningStyle = Automatic;
						TestTargetID = FBC9F31A1DFDAD9000831A94;
					};
					FBC9F3391DFDAD9000831A94 = {
						CreatedOnToolsVersion = 8.1;
						DevelopmentTeam = U93GAZC8VN;
						ProvisioningStyle = Automatic;
						TestTargetID = FBC9F31A1DFDAD9000831A94;
					};
				};
			};
			buildConfigurationList = FBC9F3161DFDAD8F00831A94 /* Build configuration list for PBXProject "OntheMap_DanielTorres" */;
			compatibilityVersion = "Xcode 3.2";
			developmentRegion = English;
			hasScannedForEncodings = 0;
			knownRegions = (
				en,
				Base,
			);
			mainGroup = FBC9F3121DFDAD8F00831A94;
			productRefGroup = FBC9F31C1DFDAD9000831A94 /* Products */;
			projectDirPath = "";
			projectRoot = "";
			targets = (
				FBC9F31A1DFDAD9000831A94 /* OntheMap_DanielTorres */,
				FBC9F32E1DFDAD9000831A94 /* OntheMap_DanielTorresTests */,
				FBC9F3391DFDAD9000831A94 /* OntheMap_DanielTorresUITests */,
			);
		};
/* End PBXProject section */

/* Begin PBXResourcesBuildPhase section */
		FBC9F3191DFDAD9000831A94 /* Resources */ = {
			isa = PBXResourcesBuildPhase;
			buildActionMask = 2147483647;
			files = (
				FB01EC1F1E157F2700ED1BA2 /* Roboto-Medium.ttf in Resources */,
				FB3496DA1E06CC0C009F7AE5 /* MainNavigationOntheMap.storyboard in Resources */,
				FBC9F3531DFDAE9A00831A94 /* Roboto-Medium.otf in Resources */,
				FBC9F3291DFDAD9000831A94 /* LaunchScreen.storyboard in Resources */,
				FBC9F3551DFDAE9A00831A94 /* Roboto-Thin.otf in Resources */,
				FBC9F3541DFDAE9A00831A94 /* Roboto-Regular.otf in Resources */,
				FB01EC201E157F2700ED1BA2 /* Roboto-Regular.ttf in Resources */,
				FBC9F3261DFDAD9000831A94 /* Assets.xcassets in Resources */,
				FB01EC211E157F2700ED1BA2 /* Roboto-Thin.ttf in Resources */,
				FBC9F3241DFDAD9000831A94 /* Main.storyboard in Resources */,
			);
			runOnlyForDeploymentPostprocessing = 0;
		};
		FBC9F32D1DFDAD9000831A94 /* Resources */ = {
			isa = PBXResourcesBuildPhase;
			buildActionMask = 2147483647;
			files = (
			);
			runOnlyForDeploymentPostprocessing = 0;
		};
		FBC9F3381DFDAD9000831A94 /* Resources */ = {
			isa = PBXResourcesBuildPhase;
			buildActionMask = 2147483647;
			files = (
			);
			runOnlyForDeploymentPostprocessing = 0;
		};
/* End PBXResourcesBuildPhase section */

/* Begin PBXSourcesBuildPhase section */
		FBC9F3171DFDAD9000831A94 /* Sources */ = {
			isa = PBXSourcesBuildPhase;
			buildActionMask = 2147483647;
			files = (
				FB3F5FA41E0725B3001FADE3 /* Pin.swift in Sources */,
				FBED128D1E0C0A6700EBCAD7 /* CLLocationManagerDelegateOnTheMap.swift in Sources */,
				FB3F5F9A1E07220A001FADE3 /* Location.swift in Sources */,
				FB5381D01E024134006027A2 /* UIResponderExtension.swift in Sources */,
				FB3F5FA01E072533001FADE3 /* StudentLocation.swift in Sources */,
				FB656FC21E227D31009A9CF9 /* AuthenticationAPI.swift in Sources */,
				FB2929861E05992F0049FE43 /* AuthenticationProtocol.swift in Sources */,
				FB5381CD1E023C5E006027A2 /* TextFieldDelegateOnTheMap.swift in Sources */,
				FB3F5FA91E072C7D001FADE3 /* ConstantsLocation.swift in Sources */,
				FB815AB41E01DDB500E4DC63 /* Color.swift in Sources */,
				FBCE26821E097C5700A90877 /* MapViewController.swift in Sources */,
				FB3496DE1E06E43A009F7AE5 /* TabBarViewController.swift in Sources */,
				FBCE26841E097E3B00A90877 /* MapKitViewDelegateOntheMap.swift in Sources */,
				FB2929801E058C230049FE43 /* UdacityApi.swift in Sources */,
				FB0614371E0D79280098A0F2 /* ExtensionNotification.swift in Sources */,
				FB01EC151E1573E100ED1BA2 /* InputNewLocationViewController.swift in Sources */,
				FB3F5FA21E0725A0001FADE3 /* User.swift in Sources */,
				FB3F5F9C1E07236B001FADE3 /* LocationsProtocol.swift in Sources */,
				FB5381DB1E034EC6006027A2 /* Authentication.swift in Sources */,
				FB815AB11E01D93900E4DC63 /* TextFieldLogin.swift in Sources */,
				FB815AB61E01E09900E4DC63 /* LoginViewController.swift in Sources */,
				FB5381D41E034BB0006027A2 /* Network.swift in Sources */,
				FB3F5F9E1E072444001FADE3 /* ParseApi.swift in Sources */,
				FBC9F31F1DFDAD9000831A94 /* AppDelegate.swift in Sources */,
				FB3496E01E06E557009F7AE5 /* ExtensionViewController.swift in Sources */,
				FB3F5FAB1E072DE5001FADE3 /* Api.swift in Sources */,
				FBED128F1E0C1E3400EBCAD7 /* LocationManagerOnTheMap.swift in Sources */,
				FB5381D61E034D17006027A2 /* ConfigurationNetwork.swift in Sources */,
				FB656FC41E22824D009A9CF9 /* Reachability.swift in Sources */,
				FB01EC231E15B25B00ED1BA2 /* Font.swift in Sources */,
				FB3F5FA71E0725FE001FADE3 /* Address.swift in Sources */,
				FB3496DC1E06CFA8009F7AE5 /* GCDBlackBox.swift in Sources */,
				FBC307901E184CED0053C758 /* TableStudentLocationViewController.swift in Sources */,
				FB2A84DF1E21F604009E0616 /* StudentInformation.swift in Sources */,
				FB0614391E0DA40C0098A0F2 /* LocationAnnotation.swift in Sources */,
			);
			runOnlyForDeploymentPostprocessing = 0;
		};
		FBC9F32B1DFDAD9000831A94 /* Sources */ = {
			isa = PBXSourcesBuildPhase;
			buildActionMask = 2147483647;
			files = (
				FB3F5FAF1E086CE9001FADE3 /* ParseAPIControllerTests.swift in Sources */,
				FB29298A1E05B2F90049FE43 /* NetworkControllerTests.swift in Sources */,
				FB3F5FAD1E086299001FADE3 /* LocationsControllerTests.swift in Sources */,
				FB29298C1E05C8D30049FE43 /* Credentials.swift in Sources */,
				FB2929841E0590F50049FE43 /* AuthenticationControllerTests.swift in Sources */,
				FB2929881E05B1070049FE43 /* UdacityAPIControllerTests.swift in Sources */,
			);
			runOnlyForDeploymentPostprocessing = 0;
		};
		FBC9F3361DFDAD9000831A94 /* Sources */ = {
			isa = PBXSourcesBuildPhase;
			buildActionMask = 2147483647;
			files = (
			);
			runOnlyForDeploymentPostprocessing = 0;
		};
/* End PBXSourcesBuildPhase section */

/* Begin PBXTargetDependency section */
		FBC9F3311DFDAD9000831A94 /* PBXTargetDependency */ = {
			isa = PBXTargetDependency;
			target = FBC9F31A1DFDAD9000831A94 /* OntheMap_DanielTorres */;
			targetProxy = FBC9F3301DFDAD9000831A94 /* PBXContainerItemProxy */;
		};
		FBC9F33C1DFDAD9000831A94 /* PBXTargetDependency */ = {
			isa = PBXTargetDependency;
			target = FBC9F31A1DFDAD9000831A94 /* OntheMap_DanielTorres */;
			targetProxy = FBC9F33B1DFDAD9000831A94 /* PBXContainerItemProxy */;
		};
/* End PBXTargetDependency section */

/* Begin PBXVariantGroup section */
		FBC9F3221DFDAD9000831A94 /* Main.storyboard */ = {
			isa = PBXVariantGroup;
			children = (
				FBC9F3231DFDAD9000831A94 /* Base */,
			);
			name = Main.storyboard;
			sourceTree = "<group>";
		};
		FBC9F3271DFDAD9000831A94 /* LaunchScreen.storyboard */ = {
			isa = PBXVariantGroup;
			children = (
				FBC9F3281DFDAD9000831A94 /* Base */,
			);
			name = LaunchScreen.storyboard;
			sourceTree = "<group>";
		};
/* End PBXVariantGroup section */

/* Begin XCBuildConfiguration section */
		FBC9F3411DFDAD9000831A94 /* Debug */ = {
			isa = XCBuildConfiguration;
			buildSettings = {
				ALWAYS_SEARCH_USER_PATHS = NO;
				CLANG_ANALYZER_NONNULL = YES;
				CLANG_CXX_LANGUAGE_STANDARD = "gnu++0x";
				CLANG_CXX_LIBRARY = "libc++";
				CLANG_ENABLE_MODULES = YES;
				CLANG_ENABLE_OBJC_ARC = YES;
				CLANG_WARN_BOOL_CONVERSION = YES;
				CLANG_WARN_CONSTANT_CONVERSION = YES;
				CLANG_WARN_DIRECT_OBJC_ISA_USAGE = YES_ERROR;
				CLANG_WARN_DOCUMENTATION_COMMENTS = YES;
				CLANG_WARN_EMPTY_BODY = YES;
				CLANG_WARN_ENUM_CONVERSION = YES;
				CLANG_WARN_INFINITE_RECURSION = YES;
				CLANG_WARN_INT_CONVERSION = YES;
				CLANG_WARN_OBJC_ROOT_CLASS = YES_ERROR;
				CLANG_WARN_SUSPICIOUS_MOVE = YES;
				CLANG_WARN_SUSPICIOUS_MOVES = YES;
				CLANG_WARN_UNREACHABLE_CODE = YES;
				CLANG_WARN__DUPLICATE_METHOD_MATCH = YES;
				"CODE_SIGN_IDENTITY[sdk=iphoneos*]" = "iPhone Developer";
				COPY_PHASE_STRIP = NO;
				DEBUG_INFORMATION_FORMAT = dwarf;
				ENABLE_STRICT_OBJC_MSGSEND = YES;
				ENABLE_TESTABILITY = YES;
				GCC_C_LANGUAGE_STANDARD = gnu99;
				GCC_DYNAMIC_NO_PIC = NO;
				GCC_NO_COMMON_BLOCKS = YES;
				GCC_OPTIMIZATION_LEVEL = 0;
				GCC_PREPROCESSOR_DEFINITIONS = (
					"DEBUG=1",
					"$(inherited)",
				);
				GCC_WARN_64_TO_32_BIT_CONVERSION = YES;
				GCC_WARN_ABOUT_RETURN_TYPE = YES_ERROR;
				GCC_WARN_UNDECLARED_SELECTOR = YES;
				GCC_WARN_UNINITIALIZED_AUTOS = YES_AGGRESSIVE;
				GCC_WARN_UNUSED_FUNCTION = YES;
				GCC_WARN_UNUSED_VARIABLE = YES;
				IPHONEOS_DEPLOYMENT_TARGET = 10.2;
				MTL_ENABLE_DEBUG_INFO = YES;
				ONLY_ACTIVE_ARCH = YES;
				SDKROOT = iphoneos;
				SWIFT_ACTIVE_COMPILATION_CONDITIONS = DEBUG;
				SWIFT_OPTIMIZATION_LEVEL = "-Onone";
				TARGETED_DEVICE_FAMILY = "1,2";
			};
			name = Debug;
		};
		FBC9F3421DFDAD9000831A94 /* Release */ = {
			isa = XCBuildConfiguration;
			buildSettings = {
				ALWAYS_SEARCH_USER_PATHS = NO;
				CLANG_ANALYZER_NONNULL = YES;
				CLANG_CXX_LANGUAGE_STANDARD = "gnu++0x";
				CLANG_CXX_LIBRARY = "libc++";
				CLANG_ENABLE_MODULES = YES;
				CLANG_ENABLE_OBJC_ARC = YES;
				CLANG_WARN_BOOL_CONVERSION = YES;
				CLANG_WARN_CONSTANT_CONVERSION = YES;
				CLANG_WARN_DIRECT_OBJC_ISA_USAGE = YES_ERROR;
				CLANG_WARN_DOCUMENTATION_COMMENTS = YES;
				CLANG_WARN_EMPTY_BODY = YES;
				CLANG_WARN_ENUM_CONVERSION = YES;
				CLANG_WARN_INFINITE_RECURSION = YES;
				CLANG_WARN_INT_CONVERSION = YES;
				CLANG_WARN_OBJC_ROOT_CLASS = YES_ERROR;
				CLANG_WARN_SUSPICIOUS_MOVE = YES;
				CLANG_WARN_SUSPICIOUS_MOVES = YES;
				CLANG_WARN_UNREACHABLE_CODE = YES;
				CLANG_WARN__DUPLICATE_METHOD_MATCH = YES;
				"CODE_SIGN_IDENTITY[sdk=iphoneos*]" = "iPhone Developer";
				COPY_PHASE_STRIP = NO;
				DEBUG_INFORMATION_FORMAT = "dwarf-with-dsym";
				ENABLE_NS_ASSERTIONS = NO;
				ENABLE_STRICT_OBJC_MSGSEND = YES;
				GCC_C_LANGUAGE_STANDARD = gnu99;
				GCC_NO_COMMON_BLOCKS = YES;
				GCC_WARN_64_TO_32_BIT_CONVERSION = YES;
				GCC_WARN_ABOUT_RETURN_TYPE = YES_ERROR;
				GCC_WARN_UNDECLARED_SELECTOR = YES;
				GCC_WARN_UNINITIALIZED_AUTOS = YES_AGGRESSIVE;
				GCC_WARN_UNUSED_FUNCTION = YES;
				GCC_WARN_UNUSED_VARIABLE = YES;
				IPHONEOS_DEPLOYMENT_TARGET = 10.2;
				MTL_ENABLE_DEBUG_INFO = NO;
				SDKROOT = iphoneos;
				SWIFT_OPTIMIZATION_LEVEL = "-Owholemodule";
				TARGETED_DEVICE_FAMILY = "1,2";
				VALIDATE_PRODUCT = YES;
			};
			name = Release;
		};
		FBC9F3441DFDAD9000831A94 /* Debug */ = {
			isa = XCBuildConfiguration;
			buildSettings = {
				ASSETCATALOG_COMPILER_APPICON_NAME = AppIcon;
				DEVELOPMENT_TEAM = AEWQUX8MPM;
				FRAMEWORK_SEARCH_PATHS = (
					"$(inherited)",
					"$(PROJECT_DIR)/Carthage/Build/iOS",
				);
				INFOPLIST_FILE = OntheMap_DanielTorres/Info.plist;
				LD_RUNPATH_SEARCH_PATHS = "$(inherited) @executable_path/Frameworks";
				PRODUCT_BUNDLE_IDENTIFIER = com.danstorre.onthemap;
				PRODUCT_NAME = "$(TARGET_NAME)";
				SWIFT_VERSION = 3.0;
			};
			name = Debug;
		};
		FBC9F3451DFDAD9000831A94 /* Release */ = {
			isa = XCBuildConfiguration;
			buildSettings = {
				ASSETCATALOG_COMPILER_APPICON_NAME = AppIcon;
				DEVELOPMENT_TEAM = AEWQUX8MPM;
				FRAMEWORK_SEARCH_PATHS = (
					"$(inherited)",
					"$(PROJECT_DIR)/Carthage/Build/iOS",
				);
				INFOPLIST_FILE = OntheMap_DanielTorres/Info.plist;
				LD_RUNPATH_SEARCH_PATHS = "$(inherited) @executable_path/Frameworks";
				PRODUCT_BUNDLE_IDENTIFIER = com.danstorre.onthemap;
				PRODUCT_NAME = "$(TARGET_NAME)";
				SWIFT_VERSION = 3.0;
			};
			name = Release;
		};
		FBC9F3471DFDAD9000831A94 /* Debug */ = {
			isa = XCBuildConfiguration;
			buildSettings = {
				ALWAYS_EMBED_SWIFT_STANDARD_LIBRARIES = YES;
				BUNDLE_LOADER = "$(TEST_HOST)";
				DEVELOPMENT_TEAM = U93GAZC8VN;
				INFOPLIST_FILE = OntheMap_DanielTorresTests/Info.plist;
				LD_RUNPATH_SEARCH_PATHS = "$(inherited) @executable_path/Frameworks @loader_path/Frameworks";
				PRODUCT_BUNDLE_IDENTIFIER = "Daniel-Torres.OntheMap-DanielTorresTests";
				PRODUCT_NAME = "$(TARGET_NAME)";
				SWIFT_VERSION = 3.0;
				TEST_HOST = "$(BUILT_PRODUCTS_DIR)/OntheMap_DanielTorres.app/OntheMap_DanielTorres";
			};
			name = Debug;
		};
		FBC9F3481DFDAD9000831A94 /* Release */ = {
			isa = XCBuildConfiguration;
			buildSettings = {
				ALWAYS_EMBED_SWIFT_STANDARD_LIBRARIES = YES;
				BUNDLE_LOADER = "$(TEST_HOST)";
				DEVELOPMENT_TEAM = U93GAZC8VN;
				INFOPLIST_FILE = OntheMap_DanielTorresTests/Info.plist;
				LD_RUNPATH_SEARCH_PATHS = "$(inherited) @executable_path/Frameworks @loader_path/Frameworks";
				PRODUCT_BUNDLE_IDENTIFIER = "Daniel-Torres.OntheMap-DanielTorresTests";
				PRODUCT_NAME = "$(TARGET_NAME)";
				SWIFT_VERSION = 3.0;
				TEST_HOST = "$(BUILT_PRODUCTS_DIR)/OntheMap_DanielTorres.app/OntheMap_DanielTorres";
			};
			name = Release;
		};
		FBC9F34A1DFDAD9000831A94 /* Debug */ = {
			isa = XCBuildConfiguration;
			buildSettings = {
				ALWAYS_EMBED_SWIFT_STANDARD_LIBRARIES = YES;
				DEVELOPMENT_TEAM = U93GAZC8VN;
				INFOPLIST_FILE = OntheMap_DanielTorresUITests/Info.plist;
				LD_RUNPATH_SEARCH_PATHS = "$(inherited) @executable_path/Frameworks @loader_path/Frameworks";
				PRODUCT_BUNDLE_IDENTIFIER = "Daniel-Torres.OntheMap-DanielTorresUITests";
				PRODUCT_NAME = "$(TARGET_NAME)";
				SWIFT_VERSION = 3.0;
				TEST_TARGET_NAME = OntheMap_DanielTorres;
			};
			name = Debug;
		};
		FBC9F34B1DFDAD9000831A94 /* Release */ = {
			isa = XCBuildConfiguration;
			buildSettings = {
				ALWAYS_EMBED_SWIFT_STANDARD_LIBRARIES = YES;
				DEVELOPMENT_TEAM = U93GAZC8VN;
				INFOPLIST_FILE = OntheMap_DanielTorresUITests/Info.plist;
				LD_RUNPATH_SEARCH_PATHS = "$(inherited) @executable_path/Frameworks @loader_path/Frameworks";
				PRODUCT_BUNDLE_IDENTIFIER = "Daniel-Torres.OntheMap-DanielTorresUITests";
				PRODUCT_NAME = "$(TARGET_NAME)";
				SWIFT_VERSION = 3.0;
				TEST_TARGET_NAME = OntheMap_DanielTorres;
			};
			name = Release;
		};
/* End XCBuildConfiguration section */

/* Begin XCConfigurationList section */
		FBC9F3161DFDAD8F00831A94 /* Build configuration list for PBXProject "OntheMap_DanielTorres" */ = {
			isa = XCConfigurationList;
			buildConfigurations = (
				FBC9F3411DFDAD9000831A94 /* Debug */,
				FBC9F3421DFDAD9000831A94 /* Release */,
			);
			defaultConfigurationIsVisible = 0;
			defaultConfigurationName = Release;
		};
		FBC9F3431DFDAD9000831A94 /* Build configuration list for PBXNativeTarget "OntheMap_DanielTorres" */ = {
			isa = XCConfigurationList;
			buildConfigurations = (
				FBC9F3441DFDAD9000831A94 /* Debug */,
				FBC9F3451DFDAD9000831A94 /* Release */,
			);
			defaultConfigurationIsVisible = 0;
			defaultConfigurationName = Release;
		};
		FBC9F3461DFDAD9000831A94 /* Build configuration list for PBXNativeTarget "OntheMap_DanielTorresTests" */ = {
			isa = XCConfigurationList;
			buildConfigurations = (
				FBC9F3471DFDAD9000831A94 /* Debug */,
				FBC9F3481DFDAD9000831A94 /* Release */,
			);
			defaultConfigurationIsVisible = 0;
			defaultConfigurationName = Release;
		};
		FBC9F3491DFDAD9000831A94 /* Build configuration list for PBXNativeTarget "OntheMap_DanielTorresUITests" */ = {
			isa = XCConfigurationList;
			buildConfigurations = (
				FBC9F34A1DFDAD9000831A94 /* Debug */,
				FBC9F34B1DFDAD9000831A94 /* Release */,
			);
			defaultConfigurationIsVisible = 0;
			defaultConfigurationName = Release;
		};
/* End XCConfigurationList section */
	};
	rootObject = FBC9F3131DFDAD8F00831A94 /* Project object */;
}
